
Microsoft Visual Studio Solution File, Format Version 12.00
# Visual Studio 2013
VisualStudioVersion = 12.0.31101.0
MinimumVisualStudioVersion = 10.0.40219.1
Project("{FAE04EC0-301F-11D3-BF4B-00C04F79EFBC}") = "BddIdeas.Runner", "BddIdeas.Runner\BddIdeas.Runner.csproj", "{460A5B6F-8911-4DD1-94AA-D552AF33A52D}"
EndProject
Project("{FAE04EC0-301F-11D3-BF4B-00C04F79EFBC}") = "BddIdeas.Tests", "BddIdeas.Tests\BddIdeas.Tests.csproj", "{3D30E66A-4961-4C70-871B-34FD367F59A6}"
EndProject
Project("{FAE04EC0-301F-11D3-BF4B-00C04F79EFBC}") = "BddIdeas.Core", "BddIdeas.Core\BddIdeas.Core.csproj", "{D04444E5-05C8-49E8-A775-AD2C68312993}"
EndProject
Global
	GlobalSection(SolutionConfigurationPlatforms) = preSolution
		Debug|Any CPU = Debug|Any CPU
		Release|Any CPU = Release|Any CPU
	EndGlobalSection
	GlobalSection(ProjectConfigurationPlatforms) = postSolution
		{460A5B6F-8911-4DD1-94AA-D552AF33A52D}.Debug|Any CPU.ActiveCfg = Debug|Any CPU
		{460A5B6F-8911-4DD1-94AA-D552AF33A52D}.Debug|Any CPU.Build.0 = Debug|Any CPU
		{460A5B6F-8911-4DD1-94AA-D552AF33A52D}.Release|Any CPU.ActiveCfg = Release|Any CPU
		{460A5B6F-8911-4DD1-94AA-D552AF33A52D}.Release|Any CPU.Build.0 = Release|Any CPU
		{3D30E66A-4961-4C70-871B-34FD367F59A6}.Debug|Any CPU.ActiveCfg = Debug|Any CPU
		{3D30E66A-4961-4C70-871B-34FD367F59A6}.Debug|Any CPU.Build.0 = Debug|Any CPU
		{3D30E66A-4961-4C70-871B-34FD367F59A6}.Release|Any CPU.ActiveCfg = Release|Any CPU
		{3D30E66A-4961-4C70-871B-34FD367F59A6}.Release|Any CPU.Build.0 = Release|Any CPU
		{D04444E5-05C8-49E8-A775-AD2C68312993}.Debug|Any CPU.ActiveCfg = Debug|Any CPU
		{D04444E5-05C8-49E8-A775-AD2C68312993}.Debug|Any CPU.Build.0 = Debug|Any CPU
		{D04444E5-05C8-49E8-A775-AD2C68312993}.Release|Any CPU.ActiveCfg = Release|Any CPU
		{D04444E5-05C8-49E8-A775-AD2C68312993}.Release|Any CPU.Build.0 = Release|Any CPU
	EndGlobalSection
	GlobalSection(SolutionProperties) = preSolution
		HideSolutionNode = FALSE
	EndGlobalSection
EndGlobal
